// !$*UTF8*$!
{
	archiveVersion = 1;
	classes = {
	};
	objectVersion = 56;
	objects = {

/* Begin PBXBuildFile section */
		23F052AF2A15A62200447E94 /* Observer.swift in Sources */ = {isa = PBXBuildFile; fileRef = 23F052AE2A15A62200447E94 /* Observer.swift */; };
		23F052B12A15AE6400447E94 /* FeedViewModel.swift in Sources */ = {isa = PBXBuildFile; fileRef = 23F052B02A15AE6400447E94 /* FeedViewModel.swift */; };
		95157E592A159EFE00B9C720 /* TweetCellTests.swift in Sources */ = {isa = PBXBuildFile; fileRef = 95157E582A159EFE00B9C720 /* TweetCellTests.swift */; };
		953697422A0C4A790083BD2C /* AppDelegate.swift in Sources */ = {isa = PBXBuildFile; fileRef = 953697412A0C4A790083BD2C /* AppDelegate.swift */; };
		953697442A0C4A790083BD2C /* SceneDelegate.swift in Sources */ = {isa = PBXBuildFile; fileRef = 953697432A0C4A790083BD2C /* SceneDelegate.swift */; };
		9536974B2A0C4A7C0083BD2C /* Assets.xcassets in Resources */ = {isa = PBXBuildFile; fileRef = 9536974A2A0C4A7C0083BD2C /* Assets.xcassets */; };
		9536974E2A0C4A7C0083BD2C /* LaunchScreen.storyboard in Resources */ = {isa = PBXBuildFile; fileRef = 9536974C2A0C4A7C0083BD2C /* LaunchScreen.storyboard */; };
		95A1E2912A0C6AA800AB700E /* FeedViewControllerTests.swift in Sources */ = {isa = PBXBuildFile; fileRef = 95A1E2902A0C6AA800AB700E /* FeedViewControllerTests.swift */; };
		95A1E2932A0C6B9500AB700E /* FeedViewController.swift in Sources */ = {isa = PBXBuildFile; fileRef = 95A1E2922A0C6B9500AB700E /* FeedViewController.swift */; };
		95A8EFE72A157EB7002423F3 /* TweetCell.swift in Sources */ = {isa = PBXBuildFile; fileRef = 95A8EFE62A157EB7002423F3 /* TweetCell.swift */; };
		95A8EFEA2A157F4C002423F3 /* UIFont+Extensions.swift in Sources */ = {isa = PBXBuildFile; fileRef = 95A8EFE92A157F4C002423F3 /* UIFont+Extensions.swift */; };
/* End PBXBuildFile section */

/* Begin PBXContainerItemProxy section */
		95A1E28B2A0C696A00AB700E /* PBXContainerItemProxy */ = {
			isa = PBXContainerItemProxy;
			containerPortal = 953697362A0C4A790083BD2C /* Project object */;
			proxyType = 1;
			remoteGlobalIDString = 9536973D2A0C4A790083BD2C;
			remoteInfo = MiniBootcamp;
		};
/* End PBXContainerItemProxy section */

/* Begin PBXFileReference section */
		23F052AE2A15A62200447E94 /* Observer.swift */ = {isa = PBXFileReference; lastKnownFileType = sourcecode.swift; path = Observer.swift; sourceTree = "<group>"; };
		23F052B02A15AE6400447E94 /* FeedViewModel.swift */ = {isa = PBXFileReference; lastKnownFileType = sourcecode.swift; path = FeedViewModel.swift; sourceTree = "<group>"; };
		95157E582A159EFE00B9C720 /* TweetCellTests.swift */ = {isa = PBXFileReference; lastKnownFileType = sourcecode.swift; path = TweetCellTests.swift; sourceTree = "<group>"; };
		9536973E2A0C4A790083BD2C /* MiniBootcamp.app */ = {isa = PBXFileReference; explicitFileType = wrapper.application; includeInIndex = 0; path = MiniBootcamp.app; sourceTree = BUILT_PRODUCTS_DIR; };
		953697412A0C4A790083BD2C /* AppDelegate.swift */ = {isa = PBXFileReference; lastKnownFileType = sourcecode.swift; path = AppDelegate.swift; sourceTree = "<group>"; };
		953697432A0C4A790083BD2C /* SceneDelegate.swift */ = {isa = PBXFileReference; lastKnownFileType = sourcecode.swift; path = SceneDelegate.swift; sourceTree = "<group>"; };
		9536974A2A0C4A7C0083BD2C /* Assets.xcassets */ = {isa = PBXFileReference; lastKnownFileType = folder.assetcatalog; path = Assets.xcassets; sourceTree = "<group>"; };
		9536974D2A0C4A7C0083BD2C /* Base */ = {isa = PBXFileReference; lastKnownFileType = file.storyboard; name = Base; path = Base.lproj/LaunchScreen.storyboard; sourceTree = "<group>"; };
		9536974F2A0C4A7C0083BD2C /* Info.plist */ = {isa = PBXFileReference; lastKnownFileType = text.plist.xml; path = Info.plist; sourceTree = "<group>"; };
		95A1E2872A0C696A00AB700E /* MiniBootcampTests.xctest */ = {isa = PBXFileReference; explicitFileType = wrapper.cfbundle; includeInIndex = 0; path = MiniBootcampTests.xctest; sourceTree = BUILT_PRODUCTS_DIR; };
		95A1E2902A0C6AA800AB700E /* FeedViewControllerTests.swift */ = {isa = PBXFileReference; lastKnownFileType = sourcecode.swift; path = FeedViewControllerTests.swift; sourceTree = "<group>"; };
		95A1E2922A0C6B9500AB700E /* FeedViewController.swift */ = {isa = PBXFileReference; lastKnownFileType = sourcecode.swift; path = FeedViewController.swift; sourceTree = "<group>"; };
		95A8EFE62A157EB7002423F3 /* TweetCell.swift */ = {isa = PBXFileReference; lastKnownFileType = sourcecode.swift; path = TweetCell.swift; sourceTree = "<group>"; };
		95A8EFE92A157F4C002423F3 /* UIFont+Extensions.swift */ = {isa = PBXFileReference; lastKnownFileType = sourcecode.swift; path = "UIFont+Extensions.swift"; sourceTree = "<group>"; };
/* End PBXFileReference section */

/* Begin PBXFrameworksBuildPhase section */
		9536973B2A0C4A790083BD2C /* Frameworks */ = {
			isa = PBXFrameworksBuildPhase;
			buildActionMask = 2147483647;
			files = (
			);
			runOnlyForDeploymentPostprocessing = 0;
		};
		95A1E2842A0C696A00AB700E /* Frameworks */ = {
			isa = PBXFrameworksBuildPhase;
			buildActionMask = 2147483647;
			files = (
			);
			runOnlyForDeploymentPostprocessing = 0;
		};
/* End PBXFrameworksBuildPhase section */

/* Begin PBXGroup section */
		953697352A0C4A790083BD2C = {
			isa = PBXGroup;
			children = (
				953697402A0C4A790083BD2C /* MiniBootcamp */,
				95A1E2882A0C696A00AB700E /* MiniBootcampTests */,
				9536973F2A0C4A790083BD2C /* Products */,
			);
			sourceTree = "<group>";
		};
		9536973F2A0C4A790083BD2C /* Products */ = {
			isa = PBXGroup;
			children = (
				9536973E2A0C4A790083BD2C /* MiniBootcamp.app */,
				95A1E2872A0C696A00AB700E /* MiniBootcampTests.xctest */,
			);
			name = Products;
			sourceTree = "<group>";
		};
		953697402A0C4A790083BD2C /* MiniBootcamp */ = {
			isa = PBXGroup;
			children = (
				9536974F2A0C4A7C0083BD2C /* Info.plist */,
				953697412A0C4A790083BD2C /* AppDelegate.swift */,
				95A1E2922A0C6B9500AB700E /* FeedViewController.swift */,
				953697432A0C4A790083BD2C /* SceneDelegate.swift */,
				95A8EFE62A157EB7002423F3 /* TweetCell.swift */,
				9536974A2A0C4A7C0083BD2C /* Assets.xcassets */,
				9536974C2A0C4A7C0083BD2C /* LaunchScreen.storyboard */,
				95A8EFE82A157F25002423F3 /* Utilities */,
				23F052B02A15AE6400447E94 /* FeedViewModel.swift */,
			);
			path = MiniBootcamp;
			sourceTree = "<group>";
		};
		95A1E2882A0C696A00AB700E /* MiniBootcampTests */ = {
			isa = PBXGroup;
			children = (
				95A1E2902A0C6AA800AB700E /* FeedViewControllerTests.swift */,
				95157E582A159EFE00B9C720 /* TweetCellTests.swift */,
			);
			path = MiniBootcampTests;
			sourceTree = "<group>";
		};
		95A8EFE82A157F25002423F3 /* Utilities */ = {
			isa = PBXGroup;
			children = (
				95A8EFE92A157F4C002423F3 /* UIFont+Extensions.swift */,
				23F052AE2A15A62200447E94 /* Observer.swift */,
			);
			path = Utilities;
			sourceTree = "<group>";
		};
/* End PBXGroup section */

/* Begin PBXNativeTarget section */
		9536973D2A0C4A790083BD2C /* MiniBootcamp */ = {
			isa = PBXNativeTarget;
			buildConfigurationList = 953697522A0C4A7C0083BD2C /* Build configuration list for PBXNativeTarget "MiniBootcamp" */;
			buildPhases = (
				9536973A2A0C4A790083BD2C /* Sources */,
				9536973B2A0C4A790083BD2C /* Frameworks */,
				9536973C2A0C4A790083BD2C /* Resources */,
			);
			buildRules = (
			);
			dependencies = (
			);
			name = MiniBootcamp;
			productName = MiniBootcamp;
			productReference = 9536973E2A0C4A790083BD2C /* MiniBootcamp.app */;
			productType = "com.apple.product-type.application";
		};
		95A1E2862A0C696A00AB700E /* MiniBootcampTests */ = {
			isa = PBXNativeTarget;
			buildConfigurationList = 95A1E28F2A0C696A00AB700E /* Build configuration list for PBXNativeTarget "MiniBootcampTests" */;
			buildPhases = (
				95A1E2832A0C696A00AB700E /* Sources */,
				95A1E2842A0C696A00AB700E /* Frameworks */,
				95A1E2852A0C696A00AB700E /* Resources */,
			);
			buildRules = (
			);
			dependencies = (
				95A1E28C2A0C696A00AB700E /* PBXTargetDependency */,
			);
			name = MiniBootcampTests;
			productName = MiniBootcampTests;
			productReference = 95A1E2872A0C696A00AB700E /* MiniBootcampTests.xctest */;
			productType = "com.apple.product-type.bundle.unit-test";
		};
/* End PBXNativeTarget section */

/* Begin PBXProject section */
		953697362A0C4A790083BD2C /* Project object */ = {
			isa = PBXProject;
			attributes = {
				BuildIndependentTargetsInParallel = 1;
				LastSwiftUpdateCheck = 1410;
				LastUpgradeCheck = 1410;
				TargetAttributes = {
					9536973D2A0C4A790083BD2C = {
						CreatedOnToolsVersion = 14.1;
					};
					95A1E2862A0C696A00AB700E = {
						CreatedOnToolsVersion = 14.1;
						LastSwiftMigration = 1410;
						TestTargetID = 9536973D2A0C4A790083BD2C;
					};
				};
			};
			buildConfigurationList = 953697392A0C4A790083BD2C /* Build configuration list for PBXProject "MiniBootcamp" */;
			compatibilityVersion = "Xcode 14.0";
			developmentRegion = en;
			hasScannedForEncodings = 0;
			knownRegions = (
				en,
				Base,
			);
			mainGroup = 953697352A0C4A790083BD2C;
			productRefGroup = 9536973F2A0C4A790083BD2C /* Products */;
			projectDirPath = "";
			projectRoot = "";
			targets = (
				9536973D2A0C4A790083BD2C /* MiniBootcamp */,
				95A1E2862A0C696A00AB700E /* MiniBootcampTests */,
			);
		};
/* End PBXProject section */

/* Begin PBXResourcesBuildPhase section */
		9536973C2A0C4A790083BD2C /* Resources */ = {
			isa = PBXResourcesBuildPhase;
			buildActionMask = 2147483647;
			files = (
				9536974E2A0C4A7C0083BD2C /* LaunchScreen.storyboard in Resources */,
				9536974B2A0C4A7C0083BD2C /* Assets.xcassets in Resources */,
			);
			runOnlyForDeploymentPostprocessing = 0;
		};
		95A1E2852A0C696A00AB700E /* Resources */ = {
			isa = PBXResourcesBuildPhase;
			buildActionMask = 2147483647;
			files = (
			);
			runOnlyForDeploymentPostprocessing = 0;
		};
/* End PBXResourcesBuildPhase section */

/* Begin PBXSourcesBuildPhase section */
		9536973A2A0C4A790083BD2C /* Sources */ = {
			isa = PBXSourcesBuildPhase;
			buildActionMask = 2147483647;
			files = (
				23F052B12A15AE6400447E94 /* FeedViewModel.swift in Sources */,
				953697422A0C4A790083BD2C /* AppDelegate.swift in Sources */,
				23F052AF2A15A62200447E94 /* Observer.swift in Sources */,
				95A1E2932A0C6B9500AB700E /* FeedViewController.swift in Sources */,
				953697442A0C4A790083BD2C /* SceneDelegate.swift in Sources */,
				95A8EFEA2A157F4C002423F3 /* UIFont+Extensions.swift in Sources */,
				95A8EFE72A157EB7002423F3 /* TweetCell.swift in Sources */,
			);
			runOnlyForDeploymentPostprocessing = 0;
		};
		95A1E2832A0C696A00AB700E /* Sources */ = {
			isa = PBXSourcesBuildPhase;
			buildActionMask = 2147483647;
			files = (
				95A1E2912A0C6AA800AB700E /* FeedViewControllerTests.swift in Sources */,
				95157E592A159EFE00B9C720 /* TweetCellTests.swift in Sources */,
			);
			runOnlyForDeploymentPostprocessing = 0;
		};
/* End PBXSourcesBuildPhase section */

/* Begin PBXTargetDependency section */
		95A1E28C2A0C696A00AB700E /* PBXTargetDependency */ = {
			isa = PBXTargetDependency;
			target = 9536973D2A0C4A790083BD2C /* MiniBootcamp */;
			targetProxy = 95A1E28B2A0C696A00AB700E /* PBXContainerItemProxy */;
		};
/* End PBXTargetDependency section */

/* Begin PBXVariantGroup section */
		9536974C2A0C4A7C0083BD2C /* LaunchScreen.storyboard */ = {
			isa = PBXVariantGroup;
			children = (
				9536974D2A0C4A7C0083BD2C /* Base */,
			);
			name = LaunchScreen.storyboard;
			sourceTree = "<group>";
		};
/* End PBXVariantGroup section */

/* Begin XCBuildConfiguration section */
		953697502A0C4A7C0083BD2C /* Debug */ = {
			isa = XCBuildConfiguration;
			buildSettings = {
				ALWAYS_SEARCH_USER_PATHS = NO;
				CLANG_ANALYZER_NONNULL = YES;
				CLANG_ANALYZER_NUMBER_OBJECT_CONVERSION = YES_AGGRESSIVE;
				CLANG_CXX_LANGUAGE_STANDARD = "gnu++20";
				CLANG_ENABLE_MODULES = YES;
				CLANG_ENABLE_OBJC_ARC = YES;
				CLANG_ENABLE_OBJC_WEAK = YES;
				CLANG_WARN_BLOCK_CAPTURE_AUTORELEASING = YES;
				CLANG_WARN_BOOL_CONVERSION = YES;
				CLANG_WARN_COMMA = YES;
				CLANG_WARN_CONSTANT_CONVERSION = YES;
				CLANG_WARN_DEPRECATED_OBJC_IMPLEMENTATIONS = YES;
				CLANG_WARN_DIRECT_OBJC_ISA_USAGE = YES_ERROR;
				CLANG_WARN_DOCUMENTATION_COMMENTS = YES;
				CLANG_WARN_EMPTY_BODY = YES;
				CLANG_WARN_ENUM_CONVERSION = YES;
				CLANG_WARN_INFINITE_RECURSION = YES;
				CLANG_WARN_INT_CONVERSION = YES;
				CLANG_WARN_NON_LITERAL_NULL_CONVERSION = YES;
				CLANG_WARN_OBJC_IMPLICIT_RETAIN_SELF = YES;
				CLANG_WARN_OBJC_LITERAL_CONVERSION = YES;
				CLANG_WARN_OBJC_ROOT_CLASS = YES_ERROR;
				CLANG_WARN_QUOTED_INCLUDE_IN_FRAMEWORK_HEADER = YES;
				CLANG_WARN_RANGE_LOOP_ANALYSIS = YES;
				CLANG_WARN_STRICT_PROTOTYPES = YES;
				CLANG_WARN_SUSPICIOUS_MOVE = YES;
				CLANG_WARN_UNGUARDED_AVAILABILITY = YES_AGGRESSIVE;
				CLANG_WARN_UNREACHABLE_CODE = YES;
				CLANG_WARN__DUPLICATE_METHOD_MATCH = YES;
				COPY_PHASE_STRIP = NO;
				DEBUG_INFORMATION_FORMAT = dwarf;
				ENABLE_STRICT_OBJC_MSGSEND = YES;
				ENABLE_TESTABILITY = YES;
				GCC_C_LANGUAGE_STANDARD = gnu11;
				GCC_DYNAMIC_NO_PIC = NO;
				GCC_NO_COMMON_BLOCKS = YES;
				GCC_OPTIMIZATION_LEVEL = 0;
				GCC_PREPROCESSOR_DEFINITIONS = (
					"DEBUG=1",
					"$(inherited)",
				);
				GCC_WARN_64_TO_32_BIT_CONVERSION = YES;
				GCC_WARN_ABOUT_RETURN_TYPE = YES_ERROR;
				GCC_WARN_UNDECLARED_SELECTOR = YES;
				GCC_WARN_UNINITIALIZED_AUTOS = YES_AGGRESSIVE;
				GCC_WARN_UNUSED_FUNCTION = YES;
				GCC_WARN_UNUSED_VARIABLE = YES;
				IPHONEOS_DEPLOYMENT_TARGET = 16.1;
				MTL_ENABLE_DEBUG_INFO = INCLUDE_SOURCE;
				MTL_FAST_MATH = YES;
				ONLY_ACTIVE_ARCH = YES;
				SDKROOT = iphoneos;
				SWIFT_ACTIVE_COMPILATION_CONDITIONS = DEBUG;
				SWIFT_OPTIMIZATION_LEVEL = "-Onone";
			};
			name = Debug;
		};
		953697512A0C4A7C0083BD2C /* Release */ = {
			isa = XCBuildConfiguration;
			buildSettings = {
				ALWAYS_SEARCH_USER_PATHS = NO;
				CLANG_ANALYZER_NONNULL = YES;
				CLANG_ANALYZER_NUMBER_OBJECT_CONVERSION = YES_AGGRESSIVE;
				CLANG_CXX_LANGUAGE_STANDARD = "gnu++20";
				CLANG_ENABLE_MODULES = YES;
				CLANG_ENABLE_OBJC_ARC = YES;
				CLANG_ENABLE_OBJC_WEAK = YES;
				CLANG_WARN_BLOCK_CAPTURE_AUTORELEASING = YES;
				CLANG_WARN_BOOL_CONVERSION = YES;
				CLANG_WARN_COMMA = YES;
				CLANG_WARN_CONSTANT_CONVERSION = YES;
				CLANG_WARN_DEPRECATED_OBJC_IMPLEMENTATIONS = YES;
				CLANG_WARN_DIRECT_OBJC_ISA_USAGE = YES_ERROR;
				CLANG_WARN_DOCUMENTATION_COMMENTS = YES;
				CLANG_WARN_EMPTY_BODY = YES;
				CLANG_WARN_ENUM_CONVERSION = YES;
				CLANG_WARN_INFINITE_RECURSION = YES;
				CLANG_WARN_INT_CONVERSION = YES;
				CLANG_WARN_NON_LITERAL_NULL_CONVERSION = YES;
				CLANG_WARN_OBJC_IMPLICIT_RETAIN_SELF = YES;
				CLANG_WARN_OBJC_LITERAL_CONVERSION = YES;
				CLANG_WARN_OBJC_ROOT_CLASS = YES_ERROR;
				CLANG_WARN_QUOTED_INCLUDE_IN_FRAMEWORK_HEADER = YES;
				CLANG_WARN_RANGE_LOOP_ANALYSIS = YES;
				CLANG_WARN_STRICT_PROTOTYPES = YES;
				CLANG_WARN_SUSPICIOUS_MOVE = YES;
				CLANG_WARN_UNGUARDED_AVAILABILITY = YES_AGGRESSIVE;
				CLANG_WARN_UNREACHABLE_CODE = YES;
				CLANG_WARN__DUPLICATE_METHOD_MATCH = YES;
				COPY_PHASE_STRIP = NO;
				DEBUG_INFORMATION_FORMAT = "dwarf-with-dsym";
				ENABLE_NS_ASSERTIONS = NO;
				ENABLE_STRICT_OBJC_MSGSEND = YES;
				GCC_C_LANGUAGE_STANDARD = gnu11;
				GCC_NO_COMMON_BLOCKS = YES;
				GCC_WARN_64_TO_32_BIT_CONVERSION = YES;
				GCC_WARN_ABOUT_RETURN_TYPE = YES_ERROR;
				GCC_WARN_UNDECLARED_SELECTOR = YES;
				GCC_WARN_UNINITIALIZED_AUTOS = YES_AGGRESSIVE;
				GCC_WARN_UNUSED_FUNCTION = YES;
				GCC_WARN_UNUSED_VARIABLE = YES;
				IPHONEOS_DEPLOYMENT_TARGET = 16.1;
				MTL_ENABLE_DEBUG_INFO = NO;
				MTL_FAST_MATH = YES;
				SDKROOT = iphoneos;
				SWIFT_COMPILATION_MODE = wholemodule;
				SWIFT_OPTIMIZATION_LEVEL = "-O";
				VALIDATE_PRODUCT = YES;
			};
			name = Release;
		};
		953697532A0C4A7C0083BD2C /* Debug */ = {
			isa = XCBuildConfiguration;
			buildSettings = {
				ASSETCATALOG_COMPILER_APPICON_NAME = AppIcon;
				ASSETCATALOG_COMPILER_GLOBAL_ACCENT_COLOR_NAME = AccentColor;
				CODE_SIGN_STYLE = Automatic;
				CURRENT_PROJECT_VERSION = 1;
				GENERATE_INFOPLIST_FILE = YES;
				INFOPLIST_FILE = MiniBootcamp/Info.plist;
				INFOPLIST_KEY_UIApplicationSupportsIndirectInputEvents = YES;
				INFOPLIST_KEY_UILaunchStoryboardName = LaunchScreen;
				INFOPLIST_KEY_UIMainStoryboardFile = "";
				INFOPLIST_KEY_UISupportedInterfaceOrientations = UIInterfaceOrientationPortrait;
				INFOPLIST_KEY_UISupportedInterfaceOrientations_iPad = "UIInterfaceOrientationLandscapeLeft UIInterfaceOrientationLandscapeRight UIInterfaceOrientationPortrait UIInterfaceOrientationPortraitUpsideDown";
				LD_RUNPATH_SEARCH_PATHS = (
					"$(inherited)",
					"@executable_path/Frameworks",
				);
				MARKETING_VERSION = 1.0;
				PRODUCT_BUNDLE_IDENTIFIER = "wizeline-academy.MiniBootcamp";
				PRODUCT_NAME = "$(TARGET_NAME)";
				SUPPORTED_PLATFORMS = "iphoneos iphonesimulator";
				SUPPORTS_MACCATALYST = NO;
				SUPPORTS_MAC_DESIGNED_FOR_IPHONE_IPAD = NO;
				SWIFT_EMIT_LOC_STRINGS = YES;
				SWIFT_VERSION = 5.0;
				TARGETED_DEVICE_FAMILY = 1;
			};
			name = Debug;
		};
		953697542A0C4A7C0083BD2C /* Release */ = {
			isa = XCBuildConfiguration;
			buildSettings = {
				ASSETCATALOG_COMPILER_APPICON_NAME = AppIcon;
				ASSETCATALOG_COMPILER_GLOBAL_ACCENT_COLOR_NAME = AccentColor;
				CODE_SIGN_STYLE = Automatic;
				CURRENT_PROJECT_VERSION = 1;
				GENERATE_INFOPLIST_FILE = YES;
				INFOPLIST_FILE = MiniBootcamp/Info.plist;
				INFOPLIST_KEY_UIApplicationSupportsIndirectInputEvents = YES;
				INFOPLIST_KEY_UILaunchStoryboardName = LaunchScreen;
				INFOPLIST_KEY_UIMainStoryboardFile = "";
				INFOPLIST_KEY_UISupportedInterfaceOrientations = UIInterfaceOrientationPortrait;
				INFOPLIST_KEY_UISupportedInterfaceOrientations_iPad = "UIInterfaceOrientationLandscapeLeft UIInterfaceOrientationLandscapeRight UIInterfaceOrientationPortrait UIInterfaceOrientationPortraitUpsideDown";
				LD_RUNPATH_SEARCH_PATHS = (
					"$(inherited)",
					"@executable_path/Frameworks",
				);
				MARKETING_VERSION = 1.0;
				PRODUCT_BUNDLE_IDENTIFIER = "wizeline-academy.MiniBootcamp";
				PRODUCT_NAME = "$(TARGET_NAME)";
				SUPPORTED_PLATFORMS = "iphoneos iphonesimulator";
				SUPPORTS_MACCATALYST = NO;
				SUPPORTS_MAC_DESIGNED_FOR_IPHONE_IPAD = NO;
				SWIFT_EMIT_LOC_STRINGS = YES;
				SWIFT_VERSION = 5.0;
				TARGETED_DEVICE_FAMILY = 1;
			};
			name = Release;
		};
		95A1E28D2A0C696A00AB700E /* Debug */ = {
			isa = XCBuildConfiguration;
			buildSettings = {
				BUNDLE_LOADER = "$(TEST_HOST)";
				CLANG_ENABLE_MODULES = YES;
				CODE_SIGN_STYLE = Automatic;
				CURRENT_PROJECT_VERSION = 1;
				GENERATE_INFOPLIST_FILE = YES;
				LD_RUNPATH_SEARCH_PATHS = (
					"$(inherited)",
					"@executable_path/Frameworks",
					"@loader_path/Frameworks",
				);
				MARKETING_VERSION = 1.0;
				PRODUCT_BUNDLE_IDENTIFIER = "wizeline-academy.MiniBootcampTests";
				PRODUCT_NAME = "$(TARGET_NAME)";
				SWIFT_EMIT_LOC_STRINGS = NO;
				SWIFT_OPTIMIZATION_LEVEL = "-Onone";
				SWIFT_VERSION = 5.0;
				TARGETED_DEVICE_FAMILY = "1,2";
				TEST_HOST = "$(BUILT_PRODUCTS_DIR)/MiniBootcamp.app/$(BUNDLE_EXECUTABLE_FOLDER_PATH)/MiniBootcamp";
			};
			name = Debug;
		};
		95A1E28E2A0C696A00AB700E /* Release */ = {
			isa = XCBuildConfiguration;
			buildSettings = {
				BUNDLE_LOADER = "$(TEST_HOST)";
				CLANG_ENABLE_MODULES = YES;
				CODE_SIGN_STYLE = Automatic;
				CURRENT_PROJECT_VERSION = 1;
				GENERATE_INFOPLIST_FILE = YES;
				LD_RUNPATH_SEARCH_PATHS = (
					"$(inherited)",
					"@executable_path/Frameworks",
					"@loader_path/Frameworks",
				);
				MARKETING_VERSION = 1.0;
				PRODUCT_BUNDLE_IDENTIFIER = "wizeline-academy.MiniBootcampTests";
				PRODUCT_NAME = "$(TARGET_NAME)";
				SWIFT_EMIT_LOC_STRINGS = NO;
				SWIFT_VERSION = 5.0;
				TARGETED_DEVICE_FAMILY = "1,2";
				TEST_HOST = "$(BUILT_PRODUCTS_DIR)/MiniBootcamp.app/$(BUNDLE_EXECUTABLE_FOLDER_PATH)/MiniBootcamp";
			};
			name = Release;
		};
/* End XCBuildConfiguration section */

/* Begin XCConfigurationList section */
		953697392A0C4A790083BD2C /* Build configuration list for PBXProject "MiniBootcamp" */ = {
			isa = XCConfigurationList;
			buildConfigurations = (
				953697502A0C4A7C0083BD2C /* Debug */,
				953697512A0C4A7C0083BD2C /* Release */,
			);
			defaultConfigurationIsVisible = 0;
			defaultConfigurationName = Release;
		};
		953697522A0C4A7C0083BD2C /* Build configuration list for PBXNativeTarget "MiniBootcamp" */ = {
			isa = XCConfigurationList;
			buildConfigurations = (
				953697532A0C4A7C0083BD2C /* Debug */,
				953697542A0C4A7C0083BD2C /* Release */,
			);
			defaultConfigurationIsVisible = 0;
			defaultConfigurationName = Release;
		};
		95A1E28F2A0C696A00AB700E /* Build configuration list for PBXNativeTarget "MiniBootcampTests" */ = {
			isa = XCConfigurationList;
			buildConfigurations = (
				95A1E28D2A0C696A00AB700E /* Debug */,
				95A1E28E2A0C696A00AB700E /* Release */,
			);
			defaultConfigurationIsVisible = 0;
			defaultConfigurationName = Release;
		};
/* End XCConfigurationList section */
	};
	rootObject = 953697362A0C4A790083BD2C /* Project object */;
}
